Microsoft Visual Studio Solution File, Format Version 12.00
# Visual Studio 16
Project("{8BC9CEB8-8B4A-11D0-8D11-00A0C91BC942}") = "ALL_BUILD", "ALL_BUILD.vcxproj", "{C10ED3F2-3CFF-322C-BD9C-DE469044A3B1}"
	ProjectSection(ProjectDependencies) = postProject
		{57EE09A9-192F-363E-A959-49EC7CA9A4D8} = {57EE09A9-192F-363E-A959-49EC7CA9A4D8}
		{07F2771B-DA1F-3ED0-88AE-E1380F18209A} = {07F2771B-DA1F-3ED0-88AE-E1380F18209A}
	EndProjectSection
EndProject
Project("{8BC9CEB8-8B4A-11D0-8D11-00A0C91BC942}") = "INSTALL", "INSTALL.vcxproj", "{415F9287-641B-35A1-ACA4-A5FC288BD18B}"
	ProjectSection(ProjectDependencies) = postProject
		{C10ED3F2-3CFF-322C-BD9C-DE469044A3B1} = {C10ED3F2-3CFF-322C-BD9C-DE469044A3B1}
		{07F2771B-DA1F-3ED0-88AE-E1380F18209A} = {07F2771B-DA1F-3ED0-88AE-E1380F18209A}
	EndProjectSection
EndProject
Project("{8BC9CEB8-8B4A-11D0-8D11-00A0C91BC942}") = "KYLE", "KYLE.vcxproj", "{57EE09A9-192F-363E-A959-49EC7CA9A4D8}"
	ProjectSection(ProjectDependencies) = postProject
		{07F2771B-DA1F-3ED0-88AE-E1380F18209A} = {07F2771B-DA1F-3ED0-88AE-E1380F18209A}
	EndProjectSection
EndProject
Project("{8BC9CEB8-8B4A-11D0-8D11-00A0C91BC942}") = "ZERO_CHECK", "ZERO_CHECK.vcxproj", "{07F2771B-DA1F-3ED0-88AE-E1380F18209A}"
	ProjectSection(ProjectDependencies) = postProject
	EndProjectSection
EndProject
Global
	GlobalSection(SolutionConfigurationPlatforms) = preSolution
		Debug|x64 = Debug|x64
		Release|x64 = Release|x64
		MinSizeRel|x64 = MinSizeRel|x64
		RelWithDebInfo|x64 = RelWithDebInfo|x64
	EndGlobalSection
	GlobalSection(ProjectConfigurationPlatforms) = postSolution
		{C10ED3F2-3CFF-322C-BD9C-DE469044A3B1}.Debug|x64.ActiveCfg = Debug|x64
		{C10ED3F2-3CFF-322C-BD9C-DE469044A3B1}.Debug|x64.Build.0 = Debug|x64
		{C10ED3F2-3CFF-322C-BD9C-DE469044A3B1}.Release|x64.ActiveCfg = Release|x64
		{C10ED3F2-3CFF-322C-BD9C-DE469044A3B1}.Release|x64.Build.0 = Release|x64
		{C10ED3F2-3CFF-322C-BD9C-DE469044A3B1}.MinSizeRel|x64.ActiveCfg = MinSizeRel|x64
		{C10ED3F2-3CFF-322C-BD9C-DE469044A3B1}.MinSizeRel|x64.Build.0 = MinSizeRel|x64
		{C10ED3F2-3CFF-322C-BD9C-DE469044A3B1}.RelWithDebInfo|x64.ActiveCfg = RelWithDebInfo|x64
		{C10ED3F2-3CFF-322C-BD9C-DE469044A3B1}.RelWithDebInfo|x64.Build.0 = RelWithDebInfo|x64
		{415F9287-641B-35A1-ACA4-A5FC288BD18B}.Debug|x64.ActiveCfg = Debug|x64
		{415F9287-641B-35A1-ACA4-A5FC288BD18B}.Release|x64.ActiveCfg = Release|x64
		{415F9287-641B-35A1-ACA4-A5FC288BD18B}.MinSizeRel|x64.ActiveCfg = MinSizeRel|x64
		{415F9287-641B-35A1-ACA4-A5FC288BD18B}.RelWithDebInfo|x64.ActiveCfg = RelWithDebInfo|x64
		{57EE09A9-192F-363E-A959-49EC7CA9A4D8}.Debug|x64.ActiveCfg = Debug|x64
		{57EE09A9-192F-363E-A959-49EC7CA9A4D8}.Debug|x64.Build.0 = Debug|x64
		{57EE09A9-192F-363E-A959-49EC7CA9A4D8}.Release|x64.ActiveCfg = Release|x64
		{57EE09A9-192F-363E-A959-49EC7CA9A4D8}.Release|x64.Build.0 = Release|x64
		{57EE09A9-192F-363E-A959-49EC7CA9A4D8}.MinSizeRel|x64.ActiveCfg = MinSizeRel|x64
		{57EE09A9-192F-363E-A959-49EC7CA9A4D8}.MinSizeRel|x64.Build.0 = MinSizeRel|x64
		{57EE09A9-192F-363E-A959-49EC7CA9A4D8}.RelWithDebInfo|x64.ActiveCfg = RelWithDebInfo|x64
		{57EE09A9-192F-363E-A959-49EC7CA9A4D8}.RelWithDebInfo|x64.Build.0 = RelWithDebInfo|x64
		{07F2771B-DA1F-3ED0-88AE-E1380F18209A}.Debug|x64.ActiveCfg = Debug|x64
		{07F2771B-DA1F-3ED0-88AE-E1380F18209A}.Debug|x64.Build.0 = Debug|x64
		{07F2771B-DA1F-3ED0-88AE-E1380F18209A}.Release|x64.ActiveCfg = Release|x64
		{07F2771B-DA1F-3ED0-88AE-E1380F18209A}.Release|x64.Build.0 = Release|x64
		{07F2771B-DA1F-3ED0-88AE-E1380F18209A}.MinSizeRel|x64.ActiveCfg = MinSizeRel|x64
		{07F2771B-DA1F-3ED0-88AE-E1380F18209A}.MinSizeRel|x64.Build.0 = MinSizeRel|x64
		{07F2771B-DA1F-3ED0-88AE-E1380F18209A}.RelWithDebInfo|x64.ActiveCfg = RelWithDebInfo|x64
		{07F2771B-DA1F-3ED0-88AE-E1380F18209A}.RelWithDebInfo|x64.Build.0 = RelWithDebInfo|x64
	EndGlobalSection
	GlobalSection(ExtensibilityGlobals) = postSolution
		SolutionGuid = {2943A0D0-FFCD-3134-BCC9-967B79DC6EE2}
	EndGlobalSection
	GlobalSection(ExtensibilityAddIns) = postSolution
	EndGlobalSection
EndGlobal
